
Microsoft Visual Studio Solution File, Format Version 12.00
# Visual Studio Version 17
VisualStudioVersion = 17.0.31903.59
MinimumVisualStudioVersion = 10.0.40219.1
Project("{FAE04EC0-301F-11D3-BF4B-00C04F79EFBC}") = "ConsoleApp1", "ConsoleApp1\ConsoleApp1.csproj", "{4E540242-A46C-440E-8C6A-CCB6907FD526}"
EndProject
Project("{FAE04EC0-301F-11D3-BF4B-00C04F79EFBC}") = "ConsoleApp2", "ConsoleApp2\ConsoleApp2.csproj", "{C17B8EDB-68DA-46AB-9451-BF08FD8F7ACC}"
EndProject
Project("{FAE04EC0-301F-11D3-BF4B-00C04F79EFBC}") = "Foobar", "Foobar\Foobar.csproj", "{DC041479-1084-4D24-BD45-797CB6122B80}"
EndProject
Project("{FAE04EC0-301F-11D3-BF4B-00C04F79EFBC}") = "LearnC#", "LearnC#\LearnC#.csproj", "{4F3A4E13-7B59-4041-836D-E41BFCD6DD31}"
EndProject
Project("{FAE04EC0-301F-11D3-BF4B-00C04F79EFBC}") = "LearnSyntax", "LearnSyntax\LearnSyntax.csproj", "{D291C211-E00F-4952-A473-924428E8D9CB}"
EndProject
Project("{FAE04EC0-301F-11D3-BF4B-00C04F79EFBC}") = "Type Basics", "Type Basics\Type Basics.csproj", "{171A3CE9-2ACD-4D1A-A062-89213E512AF4}"
EndProject
Project("{FAE04EC0-301F-11D3-BF4B-00C04F79EFBC}") = "TypeBasics", "TypeBasics\TypeBasics.csproj", "{D53B7398-976A-4AE6-9C1A-96E290957EAE}"
EndProject
Project("{FAE04EC0-301F-11D3-BF4B-00C04F79EFBC}") = "Arrays", "Arrays\Arrays.csproj", "{B176C936-7384-4C15-945D-741EFE179D2E}"
EndProject
Project("{FAE04EC0-301F-11D3-BF4B-00C04F79EFBC}") = "Classes", "Classes\Classes.csproj", "{3A7E1826-93E4-461D-8B0B-586768D75C3F}"
EndProject
Project("{FAE04EC0-301F-11D3-BF4B-00C04F79EFBC}") = "Inheritance", "Inheritance\Inheritance.csproj", "{3ABA6124-AA28-4E17-813F-15DEA401F6EF}"
EndProject
Project("{FAE04EC0-301F-11D3-BF4B-00C04F79EFBC}") = "Enum", "Enum\Enum.csproj", "{7DF70FF0-BAE5-4583-B887-C714CF80FD60}"
EndProject
Project("{FAE04EC0-301F-11D3-BF4B-00C04F79EFBC}") = "Generics", "Generics\Generics.csproj", "{30CBE292-71C0-4299-AA81-6C62A2450973}"
EndProject
Global
	GlobalSection(SolutionConfigurationPlatforms) = preSolution
		Debug|Any CPU = Debug|Any CPU
		Release|Any CPU = Release|Any CPU
	EndGlobalSection
	GlobalSection(SolutionProperties) = preSolution
		HideSolutionNode = FALSE
	EndGlobalSection
	GlobalSection(ProjectConfigurationPlatforms) = postSolution
		{4E540242-A46C-440E-8C6A-CCB6907FD526}.Debug|Any CPU.ActiveCfg = Debug|Any CPU
		{4E540242-A46C-440E-8C6A-CCB6907FD526}.Debug|Any CPU.Build.0 = Debug|Any CPU
		{4E540242-A46C-440E-8C6A-CCB6907FD526}.Release|Any CPU.ActiveCfg = Release|Any CPU
		{4E540242-A46C-440E-8C6A-CCB6907FD526}.Release|Any CPU.Build.0 = Release|Any CPU
		{C17B8EDB-68DA-46AB-9451-BF08FD8F7ACC}.Debug|Any CPU.ActiveCfg = Debug|Any CPU
		{C17B8EDB-68DA-46AB-9451-BF08FD8F7ACC}.Debug|Any CPU.Build.0 = Debug|Any CPU
		{C17B8EDB-68DA-46AB-9451-BF08FD8F7ACC}.Release|Any CPU.ActiveCfg = Release|Any CPU
		{C17B8EDB-68DA-46AB-9451-BF08FD8F7ACC}.Release|Any CPU.Build.0 = Release|Any CPU
		{DC041479-1084-4D24-BD45-797CB6122B80}.Debug|Any CPU.ActiveCfg = Debug|Any CPU
		{DC041479-1084-4D24-BD45-797CB6122B80}.Debug|Any CPU.Build.0 = Debug|Any CPU
		{DC041479-1084-4D24-BD45-797CB6122B80}.Release|Any CPU.ActiveCfg = Release|Any CPU
		{DC041479-1084-4D24-BD45-797CB6122B80}.Release|Any CPU.Build.0 = Release|Any CPU
		{4F3A4E13-7B59-4041-836D-E41BFCD6DD31}.Debug|Any CPU.ActiveCfg = Debug|Any CPU
		{4F3A4E13-7B59-4041-836D-E41BFCD6DD31}.Debug|Any CPU.Build.0 = Debug|Any CPU
		{4F3A4E13-7B59-4041-836D-E41BFCD6DD31}.Release|Any CPU.ActiveCfg = Release|Any CPU
		{4F3A4E13-7B59-4041-836D-E41BFCD6DD31}.Release|Any CPU.Build.0 = Release|Any CPU
		{D291C211-E00F-4952-A473-924428E8D9CB}.Debug|Any CPU.ActiveCfg = Debug|Any CPU
		{D291C211-E00F-4952-A473-924428E8D9CB}.Debug|Any CPU.Build.0 = Debug|Any CPU
		{D291C211-E00F-4952-A473-924428E8D9CB}.Release|Any CPU.ActiveCfg = Release|Any CPU
		{D291C211-E00F-4952-A473-924428E8D9CB}.Release|Any CPU.Build.0 = Release|Any CPU
		{171A3CE9-2ACD-4D1A-A062-89213E512AF4}.Debug|Any CPU.ActiveCfg = Debug|Any CPU
		{171A3CE9-2ACD-4D1A-A062-89213E512AF4}.Debug|Any CPU.Build.0 = Debug|Any CPU
		{171A3CE9-2ACD-4D1A-A062-89213E512AF4}.Release|Any CPU.ActiveCfg = Release|Any CPU
		{171A3CE9-2ACD-4D1A-A062-89213E512AF4}.Release|Any CPU.Build.0 = Release|Any CPU
		{D53B7398-976A-4AE6-9C1A-96E290957EAE}.Debug|Any CPU.ActiveCfg = Debug|Any CPU
		{D53B7398-976A-4AE6-9C1A-96E290957EAE}.Debug|Any CPU.Build.0 = Debug|Any CPU
		{D53B7398-976A-4AE6-9C1A-96E290957EAE}.Release|Any CPU.ActiveCfg = Release|Any CPU
		{D53B7398-976A-4AE6-9C1A-96E290957EAE}.Release|Any CPU.Build.0 = Release|Any CPU
		{B176C936-7384-4C15-945D-741EFE179D2E}.Debug|Any CPU.ActiveCfg = Debug|Any CPU
		{B176C936-7384-4C15-945D-741EFE179D2E}.Debug|Any CPU.Build.0 = Debug|Any CPU
		{B176C936-7384-4C15-945D-741EFE179D2E}.Release|Any CPU.ActiveCfg = Release|Any CPU
		{B176C936-7384-4C15-945D-741EFE179D2E}.Release|Any CPU.Build.0 = Release|Any CPU
		{3A7E1826-93E4-461D-8B0B-586768D75C3F}.Debug|Any CPU.ActiveCfg = Debug|Any CPU
		{3A7E1826-93E4-461D-8B0B-586768D75C3F}.Debug|Any CPU.Build.0 = Debug|Any CPU
		{3A7E1826-93E4-461D-8B0B-586768D75C3F}.Release|Any CPU.ActiveCfg = Release|Any CPU
		{3A7E1826-93E4-461D-8B0B-586768D75C3F}.Release|Any CPU.Build.0 = Release|Any CPU
		{3ABA6124-AA28-4E17-813F-15DEA401F6EF}.Debug|Any CPU.ActiveCfg = Debug|Any CPU
		{3ABA6124-AA28-4E17-813F-15DEA401F6EF}.Debug|Any CPU.Build.0 = Debug|Any CPU
		{3ABA6124-AA28-4E17-813F-15DEA401F6EF}.Release|Any CPU.ActiveCfg = Release|Any CPU
		{3ABA6124-AA28-4E17-813F-15DEA401F6EF}.Release|Any CPU.Build.0 = Release|Any CPU
		{7DF70FF0-BAE5-4583-B887-C714CF80FD60}.Debug|Any CPU.ActiveCfg = Debug|Any CPU
		{7DF70FF0-BAE5-4583-B887-C714CF80FD60}.Debug|Any CPU.Build.0 = Debug|Any CPU
		{7DF70FF0-BAE5-4583-B887-C714CF80FD60}.Release|Any CPU.ActiveCfg = Release|Any CPU
		{7DF70FF0-BAE5-4583-B887-C714CF80FD60}.Release|Any CPU.Build.0 = Release|Any CPU
		{30CBE292-71C0-4299-AA81-6C62A2450973}.Debug|Any CPU.ActiveCfg = Debug|Any CPU
		{30CBE292-71C0-4299-AA81-6C62A2450973}.Debug|Any CPU.Build.0 = Debug|Any CPU
		{30CBE292-71C0-4299-AA81-6C62A2450973}.Release|Any CPU.ActiveCfg = Release|Any CPU
		{30CBE292-71C0-4299-AA81-6C62A2450973}.Release|Any CPU.Build.0 = Release|Any CPU
	EndGlobalSection
EndGlobal
